{
  "name": "react-editor-jsx",
  "version": "0.0.1",
  "lockfileVersion": 2,
  "requires": true,
  "packages": {
    "": {
      "name": "react-editor-jsx",
      "version": "0.0.1",
      "workspaces": [
        "packages/*"
      ],
      "devDependencies": {
        "@editorjs/editorjs": "^2.24.3",
        "typescript": "^4.7.3"
      }
    },
    "node_modules/@editorjs/editorjs": {
      "version": "2.24.3",
      "resolved": "https://registry.npmjs.org/@editorjs/editorjs/-/editorjs-2.24.3.tgz",
      "integrity": "sha512-VzrWaQ7mggNUAPTDGcqXJNIlBZH3S2IqsIUGA43UM2Q9VFaeS5KuVFVOTrFJvAzF7G+vZTO52ocm+hrDhTwvyw==",
      "dependencies": {
        "codex-notifier": "^1.1.2",
        "codex-tooltip": "^1.0.5",
        "nanoid": "^3.1.22"
      }
    },
    "node_modules/codex-notifier": {
      "version": "1.1.2",
      "resolved": "https://registry.npmjs.org/codex-notifier/-/codex-notifier-1.1.2.tgz",
      "integrity": "sha512-DCp6xe/LGueJ1N5sXEwcBc3r3PyVkEEDNWCVigfvywAkeXcZMk9K41a31tkEFBW0Ptlwji6/JlAb49E3Yrxbtg=="
    },
    "node_modules/codex-tooltip": {
      "version": "1.0.5",
      "resolved": "https://registry.npmjs.org/codex-tooltip/-/codex-tooltip-1.0.5.tgz",
      "integrity": "sha512-IuA8LeyLU5p1B+HyhOsqR6oxyFQ11k3i9e9aXw40CrHFTRO2Y1npNBVU3W1SvhKAbUU7R/YikUBdcYFP0RcJag=="
    },
    "node_modules/nanoid": {
      "version": "3.3.4",
      "resolved": "https://registry.npmjs.org/nanoid/-/nanoid-3.3.4.tgz",
      "integrity": "sha512-MqBkQh/OHTS2egovRtLk45wEyNXwF+cokD+1YPf9u5VfJiRdAiRwB2froX5Co9Rh20xs4siNPm8naNotSD6RBw==",
      "bin": {
        "nanoid": "bin/nanoid.cjs"
      },
      "engines": {
        "node": "^10 || ^12 || ^13.7 || ^14 || >=15.0.1"
      }
    },
    "node_modules/react-editor-jsx": {
      "resolved": "packages/core",
      "link": true
    },
    "node_modules/react-editor-jsx-feature": {
      "resolved": "packages/feature",
      "link": true
    },
    "node_modules/typescript": {
      "version": "4.7.3",
      "resolved": "https://registry.npmjs.org/typescript/-/typescript-4.7.3.tgz",
      "integrity": "sha512-WOkT3XYvrpXx4vMMqlD+8R8R37fZkjyLGlxavMc4iB8lrl8L0DeTcHbYgw/v0N/z9wAFsgBhcsF0ruoySS22mA==",
      "dev": true,
      "bin": {
        "tsc": "bin/tsc",
        "tsserver": "bin/tsserver"
      },
      "engines": {
        "node": ">=4.2.0"
      }
    },
    "packages/core": {
      "name": "react-editor-jsx",
      "version": "0.0.1",
      "license": "MIT",
      "peerDependencies": {
        "@editorjs/editorjs": ">=2.24.3"
      }
    },
    "packages/feature": {
      "name": "react-editor-jsx-feature",
      "version": "0.0.1",
      "license": "MIT",
      "dependencies": {
        "react-editor-jsx": "npm:core@*"
      }
    },
    "packages/feature/node_modules/react-editor-jsx": {
      "resolved": "packages/feature/packages/core",
      "link": true
    },
    "packages/feature/packages/core": {}
  },
  "dependencies": {
    "@editorjs/editorjs": {
      "version": "2.24.3",
      "resolved": "https://registry.npmjs.org/@editorjs/editorjs/-/editorjs-2.24.3.tgz",
      "integrity": "sha512-VzrWaQ7mggNUAPTDGcqXJNIlBZH3S2IqsIUGA43UM2Q9VFaeS5KuVFVOTrFJvAzF7G+vZTO52ocm+hrDhTwvyw==",
      "requires": {
        "codex-notifier": "^1.1.2",
        "codex-tooltip": "^1.0.5",
        "nanoid": "^3.1.22"
      }
    },
    "codex-notifier": {
      "version": "1.1.2",
      "resolved": "https://registry.npmjs.org/codex-notifier/-/codex-notifier-1.1.2.tgz",
      "integrity": "sha512-DCp6xe/LGueJ1N5sXEwcBc3r3PyVkEEDNWCVigfvywAkeXcZMk9K41a31tkEFBW0Ptlwji6/JlAb49E3Yrxbtg=="
    },
    "codex-tooltip": {
      "version": "1.0.5",
      "resolved": "https://registry.npmjs.org/codex-tooltip/-/codex-tooltip-1.0.5.tgz",
      "integrity": "sha512-IuA8LeyLU5p1B+HyhOsqR6oxyFQ11k3i9e9aXw40CrHFTRO2Y1npNBVU3W1SvhKAbUU7R/YikUBdcYFP0RcJag=="
    },
    "nanoid": {
      "version": "3.3.4",
      "resolved": "https://registry.npmjs.org/nanoid/-/nanoid-3.3.4.tgz",
      "integrity": "sha512-MqBkQh/OHTS2egovRtLk45wEyNXwF+cokD+1YPf9u5VfJiRdAiRwB2froX5Co9Rh20xs4siNPm8naNotSD6RBw=="
    },
    "react-editor-jsx": {
      "version": "file:packages/core",
      "requires": {}
    },
    "react-editor-jsx-feature": {
      "version": "file:packages/feature",
      "requires": {
        "react-editor-jsx": "npm:core@*"
      },
      "dependencies": {
        "react-editor-jsx": {
          "version": "file:packages/feature/packages/core"
        }
      }
    },
    "typescript": {
      "version": "4.7.3",
      "resolved": "https://registry.npmjs.org/typescript/-/typescript-4.7.3.tgz",
      "integrity": "sha512-WOkT3XYvrpXx4vMMqlD+8R8R37fZkjyLGlxavMc4iB8lrl8L0DeTcHbYgw/v0N/z9wAFsgBhcsF0ruoySS22mA==",
      "dev": true
    }
  }
}
